// !$*UTF8*$!
{
	archiveVersion = 1;
	classes = {
	};
	objectVersion = 51;
	objects = {

/* Begin PBXBuildFile section */
		399EB0CC8524EE9E14258147 /* Pods_RTRS.framework in Frameworks */ = {isa = PBXBuildFile; fileRef = AF1DB3465F792B361E3E82F6 /* Pods_RTRS.framework */; };
		87095A512263BC2B0081A540 /* AppDelegate.swift in Sources */ = {isa = PBXBuildFile; fileRef = 87095A502263BC2B0081A540 /* AppDelegate.swift */; };
		87095A532263BC2B0081A540 /* RootTabController.swift in Sources */ = {isa = PBXBuildFile; fileRef = 87095A522263BC2B0081A540 /* RootTabController.swift */; };
		87095A562263BC2B0081A540 /* Main.storyboard in Resources */ = {isa = PBXBuildFile; fileRef = 87095A542263BC2B0081A540 /* Main.storyboard */; };
		87095A582263BC2C0081A540 /* Assets.xcassets in Resources */ = {isa = PBXBuildFile; fileRef = 87095A572263BC2C0081A540 /* Assets.xcassets */; };
		87095A5B2263BC2C0081A540 /* LaunchScreen.storyboard in Resources */ = {isa = PBXBuildFile; fileRef = 87095A592263BC2C0081A540 /* LaunchScreen.storyboard */; };
		8727B8BA22D7D2C8001713AF /* LoadingViewController.swift in Sources */ = {isa = PBXBuildFile; fileRef = 8727B8B922D7D2C8001713AF /* LoadingViewController.swift */; };
		8731FF7823596BA4008E2F6A /* AudioToolbox.framework in Frameworks */ = {isa = PBXBuildFile; fileRef = 8731FF7723596BA4008E2F6A /* AudioToolbox.framework */; };
		87364F6322DFD11E00EDAB17 /* RTRSHomeViewController.swift in Sources */ = {isa = PBXBuildFile; fileRef = 87364F6222DFD11E00EDAB17 /* RTRSHomeViewController.swift */; };
		8736B196233FE8C8008DA87A /* GoogleService-Info.plist in Resources */ = {isa = PBXBuildFile; fileRef = 8736B195233FE8C8008DA87A /* GoogleService-Info.plist */; };
		8739E8882356C4D7004CE6D8 /* Podfile in Resources */ = {isa = PBXBuildFile; fileRef = 8739E8872356C4D7004CE6D8 /* Podfile */; };
		8739E88A2356C59A004CE6D8 /* PodcastPlayerViewController.swift in Sources */ = {isa = PBXBuildFile; fileRef = 8739E8892356C59A004CE6D8 /* PodcastPlayerViewController.swift */; };
		8745B745232A8B93003A2351 /* RTRSDeepLinkHandler.swift in Sources */ = {isa = PBXBuildFile; fileRef = 8745B744232A8B93003A2351 /* RTRSDeepLinkHandler.swift */; };
		8746130823084CF400C57400 /* RTRSMoreViewModel.swift in Sources */ = {isa = PBXBuildFile; fileRef = 8746130723084CF400C57400 /* RTRSMoreViewModel.swift */; };
		8746130D230877CC00C57400 /* RTRSMoreTableViewController.swift in Sources */ = {isa = PBXBuildFile; fileRef = 8746130C230877CC00C57400 /* RTRSMoreTableViewController.swift */; };
		8746130F2308818C00C57400 /* RTRSAboutViewController.swift in Sources */ = {isa = PBXBuildFile; fileRef = 8746130E2308818C00C57400 /* RTRSAboutViewController.swift */; };
		874613112308E15800C57400 /* RTRSHomeViewModel.swift in Sources */ = {isa = PBXBuildFile; fileRef = 874613102308E15800C57400 /* RTRSHomeViewModel.swift */; };
		875566CB22FB8B6100C8070A /* SingleContentCell.swift in Sources */ = {isa = PBXBuildFile; fileRef = 875566CA22FB8B6100C8070A /* SingleContentCell.swift */; };
		875566CE22FBA06E00C8070A /* RTRSAboutViewModel.swift in Sources */ = {isa = PBXBuildFile; fileRef = 875566CD22FBA06E00C8070A /* RTRSAboutViewModel.swift */; };
		877B3A0B226A90BE00F061FA /* RTRSOperation.swift in Sources */ = {isa = PBXBuildFile; fileRef = 877B3A0A226A90BE00F061FA /* RTRSOperation.swift */; };
		877B3A0D226A913C00F061FA /* RTRSOperationCoordinator.swift in Sources */ = {isa = PBXBuildFile; fileRef = 877B3A0C226A913C00F061FA /* RTRSOperationCoordinator.swift */; };
		877B3A0F226A932800F061FA /* RTRSConfig.json in Resources */ = {isa = PBXBuildFile; fileRef = 877B3A0E226A932800F061FA /* RTRSConfig.json */; };
		8785EF432264120B0011CF6C /* RTRSNavigation.swift in Sources */ = {isa = PBXBuildFile; fileRef = 8785EF422264120B0011CF6C /* RTRSNavigation.swift */; };
		8790C78D22DCF70800E8AE5C /* RTRSNavigationController.swift in Sources */ = {isa = PBXBuildFile; fileRef = 8790C78C22DCF70800E8AE5C /* RTRSNavigationController.swift */; };
		8795C9B623299DD500D34C99 /* RTRS.css in Resources */ = {isa = PBXBuildFile; fileRef = 8795C9B52329999400D34C99 /* RTRS.css */; };
		879CE1CF22E137FA002F58CB /* RTRSPersistentStorage.swift in Sources */ = {isa = PBXBuildFile; fileRef = 879CE1CE22E137FA002F58CB /* RTRSPersistentStorage.swift */; };
		879CE1D122E1381B002F58CB /* RTRSPage.swift in Sources */ = {isa = PBXBuildFile; fileRef = 879CE1D022E1381B002F58CB /* RTRSPage.swift */; };
		879CE1D322E13EFE002F58CB /* ContentViewController.swift in Sources */ = {isa = PBXBuildFile; fileRef = 879CE1D222E13EFE002F58CB /* ContentViewController.swift */; };
		879CE1D622E1490F002F58CB /* RTRSTransittionCoordinator.swift in Sources */ = {isa = PBXBuildFile; fileRef = 879CE1D522E1490F002F58CB /* RTRSTransittionCoordinator.swift */; };
		879CE1D822E14A93002F58CB /* RTRSAuCornerTransition.swift in Sources */ = {isa = PBXBuildFile; fileRef = 879CE1D722E14A93002F58CB /* RTRSAuCornerTransition.swift */; };
		879F1E68236CF51500DEE6C7 /* RTRSExternalWebViewController.swift in Sources */ = {isa = PBXBuildFile; fileRef = 879F1E67236CF51500DEE6C7 /* RTRSExternalWebViewController.swift */; };
		879F1E6A236CF96800DEE6C7 /* RTRSNewsletterViewModel.swift in Sources */ = {isa = PBXBuildFile; fileRef = 879F1E69236CF96800DEE6C7 /* RTRSNewsletterViewModel.swift */; };
		87A53C8423555A8D006822F2 /* PodcastManager.swift in Sources */ = {isa = PBXBuildFile; fileRef = 87A53C8323555A8D006822F2 /* PodcastManager.swift */; };
		87AA241A23483E35008C5907 /* RTRSMultiPodViewModel.swift in Sources */ = {isa = PBXBuildFile; fileRef = 87AA241923483E35008C5907 /* RTRSMultiPodViewModel.swift */; };
		87AA241C23483E49008C5907 /* RTRSSinglePodViewModel.swift in Sources */ = {isa = PBXBuildFile; fileRef = 87AA241B23483E49008C5907 /* RTRSSinglePodViewModel.swift */; };
		87AA241E2349403F008C5907 /* RTRSPodSourceViewModel.swift in Sources */ = {isa = PBXBuildFile; fileRef = 87AA241D2349403F008C5907 /* RTRSPodSourceViewModel.swift */; };
		87B95F5F2267FEFC008AC7C9 /* Utils.swift in Sources */ = {isa = PBXBuildFile; fileRef = 87B95F5E2267FEFC008AC7C9 /* Utils.swift */; };
		87C3B5A922EBC76F00560958 /* ContentTableViewController.swift in Sources */ = {isa = PBXBuildFile; fileRef = 87C3B5A822EBC76F00560958 /* ContentTableViewController.swift */; };
		87C3B5AC22EBCC7000560958 /* AUCornerMultiArticleViewModel.swift in Sources */ = {isa = PBXBuildFile; fileRef = 87C3B5AB22EBCC7000560958 /* AUCornerMultiArticleViewModel.swift */; };
		87C3B5AE22EBCD0500560958 /* AUCornerSingleArticleViewModel.swift in Sources */ = {isa = PBXBuildFile; fileRef = 87C3B5AD22EBCD0500560958 /* AUCornerSingleArticleViewModel.swift */; };
		87C3B5B022EBD9EF00560958 /* RTRSViewModel.swift in Sources */ = {isa = PBXBuildFile; fileRef = 87C3B5AF22EBD9EF00560958 /* RTRSViewModel.swift */; };
		87D5F6AA2321F1AC0041C4DE /* RTRSNavigationBar.swift in Sources */ = {isa = PBXBuildFile; fileRef = 87D5F6A92321F1AC0041C4DE /* RTRSNavigationBar.swift */; };
		87F9FD7C235F6A3B00AFD0B4 /* KeyValueObserver.swift in Sources */ = {isa = PBXBuildFile; fileRef = 87F9FD7B235F6A3B00AFD0B4 /* KeyValueObserver.swift */; };
		87FA15712325BEF200EA8374 /* AUCornerArticleViewController.swift in Sources */ = {isa = PBXBuildFile; fileRef = 87FA15702325BEF200EA8374 /* AUCornerArticleViewController.swift */; };
/* End PBXBuildFile section */

/* Begin PBXFileReference section */
		87095A4D2263BC2B0081A540 /* RTRS.app */ = {isa = PBXFileReference; explicitFileType = wrapper.application; includeInIndex = 0; path = RTRS.app; sourceTree = BUILT_PRODUCTS_DIR; };
		87095A502263BC2B0081A540 /* AppDelegate.swift */ = {isa = PBXFileReference; lastKnownFileType = sourcecode.swift; path = AppDelegate.swift; sourceTree = "<group>"; };
		87095A522263BC2B0081A540 /* RootTabController.swift */ = {isa = PBXFileReference; lastKnownFileType = sourcecode.swift; path = RootTabController.swift; sourceTree = "<group>"; };
		87095A552263BC2B0081A540 /* Base */ = {isa = PBXFileReference; lastKnownFileType = file.storyboard; name = Base; path = Base.lproj/Main.storyboard; sourceTree = "<group>"; };
		87095A572263BC2C0081A540 /* Assets.xcassets */ = {isa = PBXFileReference; lastKnownFileType = folder.assetcatalog; path = Assets.xcassets; sourceTree = "<group>"; };
		87095A5A2263BC2C0081A540 /* Base */ = {isa = PBXFileReference; lastKnownFileType = file.storyboard; name = Base; path = Base.lproj/LaunchScreen.storyboard; sourceTree = "<group>"; };
		87095A5C2263BC2C0081A540 /* Info.plist */ = {isa = PBXFileReference; lastKnownFileType = text.plist.xml; path = Info.plist; sourceTree = "<group>"; };
		8727B8B922D7D2C8001713AF /* LoadingViewController.swift */ = {isa = PBXFileReference; lastKnownFileType = sourcecode.swift; path = LoadingViewController.swift; sourceTree = "<group>"; };
		8731FF7723596BA4008E2F6A /* AudioToolbox.framework */ = {isa = PBXFileReference; lastKnownFileType = wrapper.framework; name = AudioToolbox.framework; path = System/Library/Frameworks/AudioToolbox.framework; sourceTree = SDKROOT; };
		87364F6222DFD11E00EDAB17 /* RTRSHomeViewController.swift */ = {isa = PBXFileReference; lastKnownFileType = sourcecode.swift; path = RTRSHomeViewController.swift; sourceTree = "<group>"; };
		8736B192233FE1CB008DA87A /* RTRS.entitlements */ = {isa = PBXFileReference; lastKnownFileType = text.plist.entitlements; path = RTRS.entitlements; sourceTree = "<group>"; };
		8736B195233FE8C8008DA87A /* GoogleService-Info.plist */ = {isa = PBXFileReference; fileEncoding = 4; lastKnownFileType = text.plist.xml; path = "GoogleService-Info.plist"; sourceTree = "<group>"; };
		8739E8872356C4D7004CE6D8 /* Podfile */ = {isa = PBXFileReference; fileEncoding = 4; lastKnownFileType = text; path = Podfile; sourceTree = SOURCE_ROOT; };
		8739E8892356C59A004CE6D8 /* PodcastPlayerViewController.swift */ = {isa = PBXFileReference; lastKnownFileType = sourcecode.swift; path = PodcastPlayerViewController.swift; sourceTree = "<group>"; };
		8745B744232A8B93003A2351 /* RTRSDeepLinkHandler.swift */ = {isa = PBXFileReference; lastKnownFileType = sourcecode.swift; path = RTRSDeepLinkHandler.swift; sourceTree = "<group>"; };
		8745B748232BEBE6003A2351 /* RTRS-bridging-header.h */ = {isa = PBXFileReference; lastKnownFileType = sourcecode.c.h; path = "RTRS-bridging-header.h"; sourceTree = "<group>"; };
		874613032308487900C57400 /* AUCorner.html */ = {isa = PBXFileReference; fileEncoding = 4; lastKnownFileType = text.html; path = AUCorner.html; sourceTree = "<group>"; };
		874613042308487900C57400 /* about.html */ = {isa = PBXFileReference; fileEncoding = 4; lastKnownFileType = text.html; path = about.html; sourceTree = "<group>"; };
		8746130723084CF400C57400 /* RTRSMoreViewModel.swift */ = {isa = PBXFileReference; lastKnownFileType = sourcecode.swift; path = RTRSMoreViewModel.swift; sourceTree = "<group>"; };
		8746130C230877CC00C57400 /* RTRSMoreTableViewController.swift */ = {isa = PBXFileReference; lastKnownFileType = sourcecode.swift; path = RTRSMoreTableViewController.swift; sourceTree = "<group>"; };
		8746130E2308818C00C57400 /* RTRSAboutViewController.swift */ = {isa = PBXFileReference; lastKnownFileType = sourcecode.swift; path = RTRSAboutViewController.swift; sourceTree = "<group>"; };
		874613102308E15800C57400 /* RTRSHomeViewModel.swift */ = {isa = PBXFileReference; lastKnownFileType = sourcecode.swift; path = RTRSHomeViewModel.swift; sourceTree = "<group>"; };
		8748DDC42318B390008630FB /* RTRS.html */ = {isa = PBXFileReference; fileEncoding = 4; lastKnownFileType = text.html; path = RTRS.html; sourceTree = "<group>"; };
		8748DDC52318B390008630FB /* RTRSHome.html */ = {isa = PBXFileReference; fileEncoding = 4; lastKnownFileType = text.html; path = RTRSHome.html; sourceTree = "<group>"; };
		8748DDC72318B390008630FB /* RTRSHome2.html */ = {isa = PBXFileReference; fileEncoding = 4; lastKnownFileType = text.html; path = RTRSHome2.html; sourceTree = "<group>"; };
		875566CA22FB8B6100C8070A /* SingleContentCell.swift */ = {isa = PBXFileReference; lastKnownFileType = sourcecode.swift; path = SingleContentCell.swift; sourceTree = "<group>"; };
		875566CD22FBA06E00C8070A /* RTRSAboutViewModel.swift */ = {isa = PBXFileReference; lastKnownFileType = sourcecode.swift; path = RTRSAboutViewModel.swift; sourceTree = "<group>"; };
		877B3A0A226A90BE00F061FA /* RTRSOperation.swift */ = {isa = PBXFileReference; lastKnownFileType = sourcecode.swift; path = RTRSOperation.swift; sourceTree = "<group>"; };
		877B3A0C226A913C00F061FA /* RTRSOperationCoordinator.swift */ = {isa = PBXFileReference; lastKnownFileType = sourcecode.swift; path = RTRSOperationCoordinator.swift; sourceTree = "<group>"; };
		877B3A0E226A932800F061FA /* RTRSConfig.json */ = {isa = PBXFileReference; fileEncoding = 4; lastKnownFileType = text.json; path = RTRSConfig.json; sourceTree = SOURCE_ROOT; };
		8785EF422264120B0011CF6C /* RTRSNavigation.swift */ = {isa = PBXFileReference; lastKnownFileType = sourcecode.swift; path = RTRSNavigation.swift; sourceTree = "<group>"; };
		8790C78C22DCF70800E8AE5C /* RTRSNavigationController.swift */ = {isa = PBXFileReference; lastKnownFileType = sourcecode.swift; path = RTRSNavigationController.swift; sourceTree = "<group>"; };
		8795C9B52329999400D34C99 /* RTRS.css */ = {isa = PBXFileReference; lastKnownFileType = text.css; path = RTRS.css; sourceTree = "<group>"; };
		879CE1CE22E137FA002F58CB /* RTRSPersistentStorage.swift */ = {isa = PBXFileReference; lastKnownFileType = sourcecode.swift; path = RTRSPersistentStorage.swift; sourceTree = "<group>"; };
		879CE1D022E1381B002F58CB /* RTRSPage.swift */ = {isa = PBXFileReference; lastKnownFileType = sourcecode.swift; path = RTRSPage.swift; sourceTree = "<group>"; };
		879CE1D222E13EFE002F58CB /* ContentViewController.swift */ = {isa = PBXFileReference; lastKnownFileType = sourcecode.swift; path = ContentViewController.swift; sourceTree = "<group>"; };
		879CE1D522E1490F002F58CB /* RTRSTransittionCoordinator.swift */ = {isa = PBXFileReference; lastKnownFileType = sourcecode.swift; path = RTRSTransittionCoordinator.swift; sourceTree = "<group>"; };
		879CE1D722E14A93002F58CB /* RTRSAuCornerTransition.swift */ = {isa = PBXFileReference; lastKnownFileType = sourcecode.swift; path = RTRSAuCornerTransition.swift; sourceTree = "<group>"; };
		879F1E67236CF51500DEE6C7 /* RTRSExternalWebViewController.swift */ = {isa = PBXFileReference; lastKnownFileType = sourcecode.swift; name = RTRSExternalWebViewController.swift; path = RTRS/Controllers/More/RTRSExternalWebViewController.swift; sourceTree = "<group>"; };
		879F1E69236CF96800DEE6C7 /* RTRSNewsletterViewModel.swift */ = {isa = PBXFileReference; lastKnownFileType = sourcecode.swift; path = RTRSNewsletterViewModel.swift; sourceTree = "<group>"; };
		87A53C8023516D9E006822F2 /* AUCornerArticle.html */ = {isa = PBXFileReference; fileEncoding = 4; lastKnownFileType = text.html; path = AUCornerArticle.html; sourceTree = "<group>"; };
		87A53C8323555A8D006822F2 /* PodcastManager.swift */ = {isa = PBXFileReference; lastKnownFileType = sourcecode.swift; path = PodcastManager.swift; sourceTree = "<group>"; };
		87AA241923483E35008C5907 /* RTRSMultiPodViewModel.swift */ = {isa = PBXFileReference; lastKnownFileType = sourcecode.swift; path = RTRSMultiPodViewModel.swift; sourceTree = "<group>"; };
		87AA241B23483E49008C5907 /* RTRSSinglePodViewModel.swift */ = {isa = PBXFileReference; lastKnownFileType = sourcecode.swift; path = RTRSSinglePodViewModel.swift; sourceTree = "<group>"; };
		87AA241D2349403F008C5907 /* RTRSPodSourceViewModel.swift */ = {isa = PBXFileReference; lastKnownFileType = sourcecode.swift; path = RTRSPodSourceViewModel.swift; sourceTree = "<group>"; };
		87B95F5E2267FEFC008AC7C9 /* Utils.swift */ = {isa = PBXFileReference; lastKnownFileType = sourcecode.swift; path = Utils.swift; sourceTree = "<group>"; };
		87C3B5A822EBC76F00560958 /* ContentTableViewController.swift */ = {isa = PBXFileReference; lastKnownFileType = sourcecode.swift; path = ContentTableViewController.swift; sourceTree = "<group>"; };
		87C3B5AB22EBCC7000560958 /* AUCornerMultiArticleViewModel.swift */ = {isa = PBXFileReference; lastKnownFileType = sourcecode.swift; path = AUCornerMultiArticleViewModel.swift; sourceTree = "<group>"; };
		87C3B5AD22EBCD0500560958 /* AUCornerSingleArticleViewModel.swift */ = {isa = PBXFileReference; lastKnownFileType = sourcecode.swift; path = AUCornerSingleArticleViewModel.swift; sourceTree = "<group>"; };
		87C3B5AF22EBD9EF00560958 /* RTRSViewModel.swift */ = {isa = PBXFileReference; lastKnownFileType = sourcecode.swift; path = RTRSViewModel.swift; sourceTree = "<group>"; };
		87D5F6A92321F1AC0041C4DE /* RTRSNavigationBar.swift */ = {isa = PBXFileReference; lastKnownFileType = sourcecode.swift; path = RTRSNavigationBar.swift; sourceTree = "<group>"; };
		87F9FD7B235F6A3B00AFD0B4 /* KeyValueObserver.swift */ = {isa = PBXFileReference; lastKnownFileType = sourcecode.swift; path = KeyValueObserver.swift; sourceTree = "<group>"; };
		87FA15702325BEF200EA8374 /* AUCornerArticleViewController.swift */ = {isa = PBXFileReference; lastKnownFileType = sourcecode.swift; path = AUCornerArticleViewController.swift; sourceTree = "<group>"; };
		AF1DB3465F792B361E3E82F6 /* Pods_RTRS.framework */ = {isa = PBXFileReference; explicitFileType = wrapper.framework; includeInIndex = 0; path = Pods_RTRS.framework; sourceTree = BUILT_PRODUCTS_DIR; };
		E75ACBB0ECF34B42056B0084 /* Pods-RTRS.release.xcconfig */ = {isa = PBXFileReference; includeInIndex = 1; lastKnownFileType = text.xcconfig; name = "Pods-RTRS.release.xcconfig"; path = "Pods/Target Support Files/Pods-RTRS/Pods-RTRS.release.xcconfig"; sourceTree = "<group>"; };
		FB2E3E34293CDA6B7B1DD506 /* Pods-RTRS.debug.xcconfig */ = {isa = PBXFileReference; includeInIndex = 1; lastKnownFileType = text.xcconfig; name = "Pods-RTRS.debug.xcconfig"; path = "Pods/Target Support Files/Pods-RTRS/Pods-RTRS.debug.xcconfig"; sourceTree = "<group>"; };
/* End PBXFileReference section */

/* Begin PBXFrameworksBuildPhase section */
		87095A4A2263BC2B0081A540 /* Frameworks */ = {
			isa = PBXFrameworksBuildPhase;
			buildActionMask = 2147483647;
			files = (
				399EB0CC8524EE9E14258147 /* Pods_RTRS.framework in Frameworks */,
				8731FF7823596BA4008E2F6A /* AudioToolbox.framework in Frameworks */,
			);
			runOnlyForDeploymentPostprocessing = 0;
		};
/* End PBXFrameworksBuildPhase section */

/* Begin PBXGroup section */
		2F1F8EC2B9DF8D5E723A20C4 /* Frameworks */ = {
			isa = PBXGroup;
			children = (
				8731FF7723596BA4008E2F6A /* AudioToolbox.framework */,
				AF1DB3465F792B361E3E82F6 /* Pods_RTRS.framework */,
			);
			name = Frameworks;
			sourceTree = "<group>";
		};
		546E1403B66EE1B96ADF60DC /* Pods */ = {
			isa = PBXGroup;
			children = (
				FB2E3E34293CDA6B7B1DD506 /* Pods-RTRS.debug.xcconfig */,
				E75ACBB0ECF34B42056B0084 /* Pods-RTRS.release.xcconfig */,
			);
			name = Pods;
			sourceTree = "<group>";
		};
		87095A442263BC2B0081A540 = {
			isa = PBXGroup;
			children = (
				879F1E67236CF51500DEE6C7 /* RTRSExternalWebViewController.swift */,
				87095A4F2263BC2B0081A540 /* RTRS */,
				87095A4E2263BC2B0081A540 /* Products */,
				546E1403B66EE1B96ADF60DC /* Pods */,
				2F1F8EC2B9DF8D5E723A20C4 /* Frameworks */,
			);
			sourceTree = "<group>";
		};
		87095A4E2263BC2B0081A540 /* Products */ = {
			isa = PBXGroup;
			children = (
				87095A4D2263BC2B0081A540 /* RTRS.app */,
			);
			name = Products;
			sourceTree = "<group>";
		};
		87095A4F2263BC2B0081A540 /* RTRS */ = {
			isa = PBXGroup;
			children = (
				8736B192233FE1CB008DA87A /* RTRS.entitlements */,
				87A53C8223555A67006822F2 /* Audio */,
				8795C9B42329995200D34C99 /* HTML Templates */,
				874612FE230847F300C57400 /* Sample HTML */,
				875566C922FB8B4500C8070A /* Cells */,
				87D0F64722F4D246006218EF /* Extensions */,
				879CE1D422E148F3002F58CB /* Animations */,
				8727B8B822D7D2A8001713AF /* Controllers */,
				877B3A09226A90A800F061FA /* Data */,
				87B95F5D2267FEEC008AC7C9 /* Utils */,
				8785EF41226411D80011CF6C /* Navigation */,
				87095A502263BC2B0081A540 /* AppDelegate.swift */,
				87095A542263BC2B0081A540 /* Main.storyboard */,
				8745B748232BEBE6003A2351 /* RTRS-bridging-header.h */,
				87095A572263BC2C0081A540 /* Assets.xcassets */,
				87095A592263BC2C0081A540 /* LaunchScreen.storyboard */,
				87095A5C2263BC2C0081A540 /* Info.plist */,
				8739E8872356C4D7004CE6D8 /* Podfile */,
				877B3A0E226A932800F061FA /* RTRSConfig.json */,
				8736B195233FE8C8008DA87A /* GoogleService-Info.plist */,
			);
			path = RTRS;
			sourceTree = "<group>";
		};
		8727B8B822D7D2A8001713AF /* Controllers */ = {
			isa = PBXGroup;
			children = (
				8746130B230877AB00C57400 /* More */,
				87C3B5A722EBC73700560958 /* Shared */,
				87C3B5A622EBC72E00560958 /* Content */,
				8727B8B922D7D2C8001713AF /* LoadingViewController.swift */,
				87364F6222DFD11E00EDAB17 /* RTRSHomeViewController.swift */,
			);
			path = Controllers;
			sourceTree = "<group>";
		};
		874612FE230847F300C57400 /* Sample HTML */ = {
			isa = PBXGroup;
			children = (
				8748DDC42318B390008630FB /* RTRS.html */,
				8748DDC52318B390008630FB /* RTRSHome.html */,
				8748DDC72318B390008630FB /* RTRSHome2.html */,
				874613042308487900C57400 /* about.html */,
				874613032308487900C57400 /* AUCorner.html */,
				87A53C8023516D9E006822F2 /* AUCornerArticle.html */,
			);
			path = "Sample HTML";
			sourceTree = "<group>";
		};
		8746130B230877AB00C57400 /* More */ = {
			isa = PBXGroup;
			children = (
				8746130E2308818C00C57400 /* RTRSAboutViewController.swift */,
				8746130C230877CC00C57400 /* RTRSMoreTableViewController.swift */,
			);
			path = More;
			sourceTree = "<group>";
		};
		875566C922FB8B4500C8070A /* Cells */ = {
			isa = PBXGroup;
			children = (
				876B0A4E2319968000004B19 /* Home */,
				875566CC22FB8B6B00C8070A /* Content */,
			);
			path = Cells;
			sourceTree = "<group>";
		};
		875566CC22FB8B6B00C8070A /* Content */ = {
			isa = PBXGroup;
			children = (
				875566CA22FB8B6100C8070A /* SingleContentCell.swift */,
			);
			path = Content;
			sourceTree = "<group>";
		};
		876B0A4E2319968000004B19 /* Home */ = {
			isa = PBXGroup;
			children = (
			);
			path = Home;
			sourceTree = "<group>";
		};
		877B3A09226A90A800F061FA /* Data */ = {
			isa = PBXGroup;
			children = (
				87C3B5AA22EBCC2A00560958 /* View Models */,
				879CE1CD22E137D6002F58CB /* Loaders */,
				879CE1CE22E137FA002F58CB /* RTRSPersistentStorage.swift */,
			);
			path = Data;
			sourceTree = "<group>";
		};
		8785EF41226411D80011CF6C /* Navigation */ = {
			isa = PBXGroup;
			children = (
				8785EF422264120B0011CF6C /* RTRSNavigation.swift */,
				879CE1D022E1381B002F58CB /* RTRSPage.swift */,
				87D5F6A92321F1AC0041C4DE /* RTRSNavigationBar.swift */,
				8745B744232A8B93003A2351 /* RTRSDeepLinkHandler.swift */,
			);
			path = Navigation;
			sourceTree = "<group>";
		};
		8795C9B42329995200D34C99 /* HTML Templates */ = {
			isa = PBXGroup;
			children = (
				8795C9B52329999400D34C99 /* RTRS.css */,
			);
			path = "HTML Templates";
			sourceTree = "<group>";
		};
		879CE1CD22E137D6002F58CB /* Loaders */ = {
			isa = PBXGroup;
			children = (
				877B3A0A226A90BE00F061FA /* RTRSOperation.swift */,
				877B3A0C226A913C00F061FA /* RTRSOperationCoordinator.swift */,
			);
			path = Loaders;
			sourceTree = "<group>";
		};
		879CE1D422E148F3002F58CB /* Animations */ = {
			isa = PBXGroup;
			children = (
				879CE1D522E1490F002F58CB /* RTRSTransittionCoordinator.swift */,
				879CE1D722E14A93002F58CB /* RTRSAuCornerTransition.swift */,
			);
			path = Animations;
			sourceTree = "<group>";
		};
		87A53C8223555A67006822F2 /* Audio */ = {
			isa = PBXGroup;
			children = (
				87A53C8323555A8D006822F2 /* PodcastManager.swift */,
				8739E8892356C59A004CE6D8 /* PodcastPlayerViewController.swift */,
			);
			path = Audio;
			sourceTree = "<group>";
		};
		87B95F5D2267FEEC008AC7C9 /* Utils */ = {
			isa = PBXGroup;
			children = (
				87B95F5E2267FEFC008AC7C9 /* Utils.swift */,
				87F9FD7B235F6A3B00AFD0B4 /* KeyValueObserver.swift */,
			);
			path = Utils;
			sourceTree = "<group>";
		};
		87C3B5A622EBC72E00560958 /* Content */ = {
			isa = PBXGroup;
			children = (
				879CE1D222E13EFE002F58CB /* ContentViewController.swift */,
				87C3B5A822EBC76F00560958 /* ContentTableViewController.swift */,
				87FA15702325BEF200EA8374 /* AUCornerArticleViewController.swift */,
			);
			path = Content;
			sourceTree = "<group>";
		};
		87C3B5A722EBC73700560958 /* Shared */ = {
			isa = PBXGroup;
			children = (
				87095A522263BC2B0081A540 /* RootTabController.swift */,
				8790C78C22DCF70800E8AE5C /* RTRSNavigationController.swift */,
			);
			path = Shared;
			sourceTree = "<group>";
		};
		87C3B5AA22EBCC2A00560958 /* View Models */ = {
			isa = PBXGroup;
			children = (
				87C3B5AB22EBCC7000560958 /* AUCornerMultiArticleViewModel.swift */,
				87C3B5AD22EBCD0500560958 /* AUCornerSingleArticleViewModel.swift */,
				87C3B5AF22EBD9EF00560958 /* RTRSViewModel.swift */,
				875566CD22FBA06E00C8070A /* RTRSAboutViewModel.swift */,
				8746130723084CF400C57400 /* RTRSMoreViewModel.swift */,
				874613102308E15800C57400 /* RTRSHomeViewModel.swift */,
				87AA241923483E35008C5907 /* RTRSMultiPodViewModel.swift */,
				87AA241B23483E49008C5907 /* RTRSSinglePodViewModel.swift */,
				87AA241D2349403F008C5907 /* RTRSPodSourceViewModel.swift */,
				879F1E69236CF96800DEE6C7 /* RTRSNewsletterViewModel.swift */,
			);
			path = "View Models";
			sourceTree = "<group>";
		};
		87D0F64722F4D246006218EF /* Extensions */ = {
			isa = PBXGroup;
			children = (
			);
			path = Extensions;
			sourceTree = "<group>";
		};
/* End PBXGroup section */

/* Begin PBXNativeTarget section */
		87095A4C2263BC2B0081A540 /* RTRS */ = {
			isa = PBXNativeTarget;
			buildConfigurationList = 87095A5F2263BC2C0081A540 /* Build configuration list for PBXNativeTarget "RTRS" */;
			buildPhases = (
				CBAA4A43737FDDDF3C5F4A0C /* [CP] Check Pods Manifest.lock */,
				87095A492263BC2B0081A540 /* Sources */,
				87095A4A2263BC2B0081A540 /* Frameworks */,
				87095A4B2263BC2B0081A540 /* Resources */,
				A30E328F721A2F21D23F07AD /* [CP] Embed Pods Frameworks */,
			);
			buildRules = (
			);
			dependencies = (
			);
			name = RTRS;
			productName = RTRS;
			productReference = 87095A4D2263BC2B0081A540 /* RTRS.app */;
			productType = "com.apple.product-type.application";
		};
/* End PBXNativeTarget section */

/* Begin PBXProject section */
		87095A452263BC2B0081A540 /* Project object */ = {
			isa = PBXProject;
			attributes = {
				LastSwiftUpdateCheck = 1020;
				LastUpgradeCheck = 1020;
				ORGANIZATIONNAME = "Jonathan Chen";
				TargetAttributes = {
					87095A4C2263BC2B0081A540 = {
						CreatedOnToolsVersion = 10.2;
					};
				};
			};
			buildConfigurationList = 87095A482263BC2B0081A540 /* Build configuration list for PBXProject "RTRS" */;
			compatibilityVersion = "Xcode 9.3";
			developmentRegion = en;
			hasScannedForEncodings = 0;
			knownRegions = (
				en,
				Base,
			);
			mainGroup = 87095A442263BC2B0081A540;
			productRefGroup = 87095A4E2263BC2B0081A540 /* Products */;
			projectDirPath = "";
			projectRoot = "";
			targets = (
				87095A4C2263BC2B0081A540 /* RTRS */,
			);
		};
/* End PBXProject section */

/* Begin PBXResourcesBuildPhase section */
		87095A4B2263BC2B0081A540 /* Resources */ = {
			isa = PBXResourcesBuildPhase;
			buildActionMask = 2147483647;
			files = (
				8795C9B623299DD500D34C99 /* RTRS.css in Resources */,
				877B3A0F226A932800F061FA /* RTRSConfig.json in Resources */,
				87095A5B2263BC2C0081A540 /* LaunchScreen.storyboard in Resources */,
				87095A582263BC2C0081A540 /* Assets.xcassets in Resources */,
				8736B196233FE8C8008DA87A /* GoogleService-Info.plist in Resources */,
				8739E8882356C4D7004CE6D8 /* Podfile in Resources */,
				87095A562263BC2B0081A540 /* Main.storyboard in Resources */,
			);
			runOnlyForDeploymentPostprocessing = 0;
		};
/* End PBXResourcesBuildPhase section */

/* Begin PBXShellScriptBuildPhase section */
		A30E328F721A2F21D23F07AD /* [CP] Embed Pods Frameworks */ = {
			isa = PBXShellScriptBuildPhase;
			buildActionMask = 2147483647;
			files = (
			);
			inputFileListPaths = (
				"${PODS_ROOT}/Target Support Files/Pods-RTRS/Pods-RTRS-frameworks-${CONFIGURATION}-input-files.xcfilelist",
			);
			name = "[CP] Embed Pods Frameworks";
			outputFileListPaths = (
				"${PODS_ROOT}/Target Support Files/Pods-RTRS/Pods-RTRS-frameworks-${CONFIGURATION}-output-files.xcfilelist",
			);
			runOnlyForDeploymentPostprocessing = 0;
			shellPath = /bin/sh;
			shellScript = "\"${PODS_ROOT}/Target Support Files/Pods-RTRS/Pods-RTRS-frameworks.sh\"\n";
			showEnvVarsInLog = 0;
		};
		CBAA4A43737FDDDF3C5F4A0C /* [CP] Check Pods Manifest.lock */ = {
			isa = PBXShellScriptBuildPhase;
			buildActionMask = 2147483647;
			files = (
			);
			inputFileListPaths = (
			);
			inputPaths = (
				"${PODS_PODFILE_DIR_PATH}/Podfile.lock",
				"${PODS_ROOT}/Manifest.lock",
			);
			name = "[CP] Check Pods Manifest.lock";
			outputFileListPaths = (
			);
			outputPaths = (
				"$(DERIVED_FILE_DIR)/Pods-RTRS-checkManifestLockResult.txt",
			);
			runOnlyForDeploymentPostprocessing = 0;
			shellPath = /bin/sh;
			shellScript = "diff \"${PODS_PODFILE_DIR_PATH}/Podfile.lock\" \"${PODS_ROOT}/Manifest.lock\" > /dev/null\nif [ $? != 0 ] ; then\n    # print error to STDERR\n    echo \"error: The sandbox is not in sync with the Podfile.lock. Run 'pod install' or update your CocoaPods installation.\" >&2\n    exit 1\nfi\n# This output is used by Xcode 'outputs' to avoid re-running this script phase.\necho \"SUCCESS\" > \"${SCRIPT_OUTPUT_FILE_0}\"\n";
			showEnvVarsInLog = 0;
		};
/* End PBXShellScriptBuildPhase section */

/* Begin PBXSourcesBuildPhase section */
		87095A492263BC2B0081A540 /* Sources */ = {
			isa = PBXSourcesBuildPhase;
			buildActionMask = 2147483647;
			files = (
				87FA15712325BEF200EA8374 /* AUCornerArticleViewController.swift in Sources */,
				8790C78D22DCF70800E8AE5C /* RTRSNavigationController.swift in Sources */,
				8739E88A2356C59A004CE6D8 /* PodcastPlayerViewController.swift in Sources */,
				87AA241E2349403F008C5907 /* RTRSPodSourceViewModel.swift in Sources */,
				8727B8BA22D7D2C8001713AF /* LoadingViewController.swift in Sources */,
				87AA241A23483E35008C5907 /* RTRSMultiPodViewModel.swift in Sources */,
				875566CE22FBA06E00C8070A /* RTRSAboutViewModel.swift in Sources */,
				879CE1D822E14A93002F58CB /* RTRSAuCornerTransition.swift in Sources */,
				87C3B5B022EBD9EF00560958 /* RTRSViewModel.swift in Sources */,
				8746130D230877CC00C57400 /* RTRSMoreTableViewController.swift in Sources */,
				8745B745232A8B93003A2351 /* RTRSDeepLinkHandler.swift in Sources */,
				8785EF432264120B0011CF6C /* RTRSNavigation.swift in Sources */,
				87F9FD7C235F6A3B00AFD0B4 /* KeyValueObserver.swift in Sources */,
				879F1E6A236CF96800DEE6C7 /* RTRSNewsletterViewModel.swift in Sources */,
				87A53C8423555A8D006822F2 /* PodcastManager.swift in Sources */,
				877B3A0D226A913C00F061FA /* RTRSOperationCoordinator.swift in Sources */,
				879CE1D322E13EFE002F58CB /* ContentViewController.swift in Sources */,
				87095A532263BC2B0081A540 /* RootTabController.swift in Sources */,
				87C3B5AE22EBCD0500560958 /* AUCornerSingleArticleViewModel.swift in Sources */,
				879CE1D122E1381B002F58CB /* RTRSPage.swift in Sources */,
				87C3B5AC22EBCC7000560958 /* AUCornerMultiArticleViewModel.swift in Sources */,
				87364F6322DFD11E00EDAB17 /* RTRSHomeViewController.swift in Sources */,
				87AA241C23483E49008C5907 /* RTRSSinglePodViewModel.swift in Sources */,
				877B3A0B226A90BE00F061FA /* RTRSOperation.swift in Sources */,
				87D5F6AA2321F1AC0041C4DE /* RTRSNavigationBar.swift in Sources */,
				87095A512263BC2B0081A540 /* AppDelegate.swift in Sources */,
				879CE1D622E1490F002F58CB /* RTRSTransittionCoordinator.swift in Sources */,
				875566CB22FB8B6100C8070A /* SingleContentCell.swift in Sources */,
				874613112308E15800C57400 /* RTRSHomeViewModel.swift in Sources */,
				87B95F5F2267FEFC008AC7C9 /* Utils.swift in Sources */,
				8746130823084CF400C57400 /* RTRSMoreViewModel.swift in Sources */,
				87C3B5A922EBC76F00560958 /* ContentTableViewController.swift in Sources */,
				879CE1CF22E137FA002F58CB /* RTRSPersistentStorage.swift in Sources */,
				8746130F2308818C00C57400 /* RTRSAboutViewController.swift in Sources */,
				879F1E68236CF51500DEE6C7 /* RTRSExternalWebViewController.swift in Sources */,
			);
			runOnlyForDeploymentPostprocessing = 0;
		};
/* End PBXSourcesBuildPhase section */

/* Begin PBXVariantGroup section */
		87095A542263BC2B0081A540 /* Main.storyboard */ = {
			isa = PBXVariantGroup;
			children = (
				87095A552263BC2B0081A540 /* Base */,
			);
			name = Main.storyboard;
			sourceTree = "<group>";
		};
		87095A592263BC2C0081A540 /* LaunchScreen.storyboard */ = {
			isa = PBXVariantGroup;
			children = (
				87095A5A2263BC2C0081A540 /* Base */,
			);
			name = LaunchScreen.storyboard;
			sourceTree = "<group>";
		};
/* End PBXVariantGroup section */

/* Begin XCBuildConfiguration section */
		87095A5D2263BC2C0081A540 /* Debug */ = {
			isa = XCBuildConfiguration;
			buildSettings = {
				ALWAYS_SEARCH_USER_PATHS = NO;
				CLANG_ANALYZER_NONNULL = YES;
				CLANG_ANALYZER_NUMBER_OBJECT_CONVERSION = YES_AGGRESSIVE;
				CLANG_CXX_LANGUAGE_STANDARD = "gnu++14";
				CLANG_CXX_LIBRARY = "libc++";
				CLANG_ENABLE_MODULES = YES;
				CLANG_ENABLE_OBJC_ARC = YES;
				CLANG_ENABLE_OBJC_WEAK = YES;
				CLANG_WARN_BLOCK_CAPTURE_AUTORELEASING = YES;
				CLANG_WARN_BOOL_CONVERSION = YES;
				CLANG_WARN_COMMA = YES;
				CLANG_WARN_CONSTANT_CONVERSION = YES;
				CLANG_WARN_DEPRECATED_OBJC_IMPLEMENTATIONS = YES;
				CLANG_WARN_DIRECT_OBJC_ISA_USAGE = YES_ERROR;
				CLANG_WARN_DOCUMENTATION_COMMENTS = YES;
				CLANG_WARN_EMPTY_BODY = YES;
				CLANG_WARN_ENUM_CONVERSION = YES;
				CLANG_WARN_INFINITE_RECURSION = YES;
				CLANG_WARN_INT_CONVERSION = YES;
				CLANG_WARN_NON_LITERAL_NULL_CONVERSION = YES;
				CLANG_WARN_OBJC_IMPLICIT_RETAIN_SELF = YES;
				CLANG_WARN_OBJC_LITERAL_CONVERSION = YES;
				CLANG_WARN_OBJC_ROOT_CLASS = YES_ERROR;
				CLANG_WARN_RANGE_LOOP_ANALYSIS = YES;
				CLANG_WARN_STRICT_PROTOTYPES = YES;
				CLANG_WARN_SUSPICIOUS_MOVE = YES;
				CLANG_WARN_UNGUARDED_AVAILABILITY = YES_AGGRESSIVE;
				CLANG_WARN_UNREACHABLE_CODE = YES;
				CLANG_WARN__DUPLICATE_METHOD_MATCH = YES;
				CODE_SIGN_IDENTITY = "iPhone Developer";
				COPY_PHASE_STRIP = NO;
				DEBUG_INFORMATION_FORMAT = dwarf;
				ENABLE_STRICT_OBJC_MSGSEND = YES;
				ENABLE_TESTABILITY = YES;
				GCC_C_LANGUAGE_STANDARD = gnu11;
				GCC_DYNAMIC_NO_PIC = NO;
				GCC_NO_COMMON_BLOCKS = YES;
				GCC_OPTIMIZATION_LEVEL = 0;
				GCC_PREPROCESSOR_DEFINITIONS = (
					"DEBUG=1",
					"$(inherited)",
				);
				GCC_WARN_64_TO_32_BIT_CONVERSION = YES;
				GCC_WARN_ABOUT_RETURN_TYPE = YES_ERROR;
				GCC_WARN_UNDECLARED_SELECTOR = YES;
				GCC_WARN_UNINITIALIZED_AUTOS = YES_AGGRESSIVE;
				GCC_WARN_UNUSED_FUNCTION = YES;
				GCC_WARN_UNUSED_VARIABLE = YES;
				IPHONEOS_DEPLOYMENT_TARGET = 12.2;
				MTL_ENABLE_DEBUG_INFO = INCLUDE_SOURCE;
				MTL_FAST_MATH = YES;
				ONLY_ACTIVE_ARCH = YES;
				SDKROOT = iphoneos;
				SWIFT_ACTIVE_COMPILATION_CONDITIONS = DEBUG;
				SWIFT_OBJC_BRIDGING_HEADER = "RTRS-bridging-header.h";
				SWIFT_OPTIMIZATION_LEVEL = "-Onone";
			};
			name = Debug;
		};
		87095A5E2263BC2C0081A540 /* Release */ = {
			isa = XCBuildConfiguration;
			buildSettings = {
				ALWAYS_SEARCH_USER_PATHS = NO;
				CLANG_ANALYZER_NONNULL = YES;
				CLANG_ANALYZER_NUMBER_OBJECT_CONVERSION = YES_AGGRESSIVE;
				CLANG_CXX_LANGUAGE_STANDARD = "gnu++14";
				CLANG_CXX_LIBRARY = "libc++";
				CLANG_ENABLE_MODULES = YES;
				CLANG_ENABLE_OBJC_ARC = YES;
				CLANG_ENABLE_OBJC_WEAK = YES;
				CLANG_WARN_BLOCK_CAPTURE_AUTORELEASING = YES;
				CLANG_WARN_BOOL_CONVERSION = YES;
				CLANG_WARN_COMMA = YES;
				CLANG_WARN_CONSTANT_CONVERSION = YES;
				CLANG_WARN_DEPRECATED_OBJC_IMPLEMENTATIONS = YES;
				CLANG_WARN_DIRECT_OBJC_ISA_USAGE = YES_ERROR;
				CLANG_WARN_DOCUMENTATION_COMMENTS = YES;
				CLANG_WARN_EMPTY_BODY = YES;
				CLANG_WARN_ENUM_CONVERSION = YES;
				CLANG_WARN_INFINITE_RECURSION = YES;
				CLANG_WARN_INT_CONVERSION = YES;
				CLANG_WARN_NON_LITERAL_NULL_CONVERSION = YES;
				CLANG_WARN_OBJC_IMPLICIT_RETAIN_SELF = YES;
				CLANG_WARN_OBJC_LITERAL_CONVERSION = YES;
				CLANG_WARN_OBJC_ROOT_CLASS = YES_ERROR;
				CLANG_WARN_RANGE_LOOP_ANALYSIS = YES;
				CLANG_WARN_STRICT_PROTOTYPES = YES;
				CLANG_WARN_SUSPICIOUS_MOVE = YES;
				CLANG_WARN_UNGUARDED_AVAILABILITY = YES_AGGRESSIVE;
				CLANG_WARN_UNREACHABLE_CODE = YES;
				CLANG_WARN__DUPLICATE_METHOD_MATCH = YES;
				CODE_SIGN_IDENTITY = "iPhone Developer";
				COPY_PHASE_STRIP = NO;
				DEBUG_INFORMATION_FORMAT = "dwarf-with-dsym";
				ENABLE_NS_ASSERTIONS = NO;
				ENABLE_STRICT_OBJC_MSGSEND = YES;
				GCC_C_LANGUAGE_STANDARD = gnu11;
				GCC_NO_COMMON_BLOCKS = YES;
				GCC_WARN_64_TO_32_BIT_CONVERSION = YES;
				GCC_WARN_ABOUT_RETURN_TYPE = YES_ERROR;
				GCC_WARN_UNDECLARED_SELECTOR = YES;
				GCC_WARN_UNINITIALIZED_AUTOS = YES_AGGRESSIVE;
				GCC_WARN_UNUSED_FUNCTION = YES;
				GCC_WARN_UNUSED_VARIABLE = YES;
				IPHONEOS_DEPLOYMENT_TARGET = 12.2;
				MTL_ENABLE_DEBUG_INFO = NO;
				MTL_FAST_MATH = YES;
				SDKROOT = iphoneos;
				SWIFT_COMPILATION_MODE = wholemodule;
				SWIFT_OBJC_BRIDGING_HEADER = "RTRS-bridging-header.h";
				SWIFT_OPTIMIZATION_LEVEL = "-O";
				VALIDATE_PRODUCT = YES;
			};
			name = Release;
		};
		87095A602263BC2C0081A540 /* Debug */ = {
			isa = XCBuildConfiguration;
			baseConfigurationReference = FB2E3E34293CDA6B7B1DD506 /* Pods-RTRS.debug.xcconfig */;
			buildSettings = {
				ASSETCATALOG_COMPILER_APPICON_NAME = AppIcon;
				CODE_SIGN_ENTITLEMENTS = RTRS/RTRS.entitlements;
				CODE_SIGN_STYLE = Automatic;
				DEVELOPMENT_TEAM = 64898FFM79;
				INFOPLIST_FILE = RTRS/Info.plist;
				IPHONEOS_DEPLOYMENT_TARGET = 10.0;
				LD_RUNPATH_SEARCH_PATHS = (
					"$(inherited)",
					"@executable_path/Frameworks",
				);
				OTHER_LDFLAGS = (
					"$(inherited)",
					"-l\"sqlite3\"",
					"-l\"z\"",
					"-framework",
					"\"Accelerate\"",
					"-framework",
					"\"Atributika\"",
					"-framework",
					"\"CoreGraphics\"",
					"-framework",
					"\"FLAnimatedImage\"",
					"-framework",
					"\"FLEX\"",
					"-framework",
					"\"Foundation\"",
					"-framework",
					"\"ImageIO\"",
					"-framework",
					"\"MobileCoreServices\"",
					"-framework",
					"\"PINCache\"",
					"-framework",
					"\"PINRemoteImage\"",
					"-framework",
					"\"QuartzCore\"",
					"-framework",
					"\"SwiftSoup\"",
					"-framework",
					"\"UIKit\"",
					"-weak_framework",
					"\"UIKit\"",
					"-ObjC",
				);
				PRODUCT_BUNDLE_IDENTIFIER = com.chennychenchen.ricky;
				PRODUCT_NAME = "$(TARGET_NAME)";
				SWIFT_OBJC_BRIDGING_HEADER = "";
				SWIFT_VERSION = 5.0;
				TARGETED_DEVICE_FAMILY = "1,2";
			};
			name = Debug;
		};
		87095A612263BC2C0081A540 /* Release */ = {
			isa = XCBuildConfiguration;
			baseConfigurationReference = E75ACBB0ECF34B42056B0084 /* Pods-RTRS.release.xcconfig */;
			buildSettings = {
				ASSETCATALOG_COMPILER_APPICON_NAME = AppIcon;
				CODE_SIGN_ENTITLEMENTS = RTRS/RTRS.entitlements;
				CODE_SIGN_STYLE = Automatic;
				DEVELOPMENT_TEAM = 64898FFM79;
				INFOPLIST_FILE = RTRS/Info.plist;
				IPHONEOS_DEPLOYMENT_TARGET = 10.0;
				LD_RUNPATH_SEARCH_PATHS = (
					"$(inherited)",
					"@executable_path/Frameworks",
				);
				OTHER_LDFLAGS = (
					"$(inherited)",
					"-framework",
					"\"Accelerate\"",
					"-framework",
					"\"Atributika\"",
					"-framework",
					"\"CoreGraphics\"",
					"-framework",
					"\"FLAnimatedImage\"",
					"-framework",
					"\"Foundation\"",
					"-framework",
					"\"ImageIO\"",
					"-framework",
					"\"MobileCoreServices\"",
					"-framework",
					"\"PINCache\"",
					"-framework",
					"\"PINRemoteImage\"",
					"-framework",
					"\"QuartzCore\"",
					"-framework",
					"\"SwiftSoup\"",
					"-weak_framework",
					"\"UIKit\"",
					"-ObjC",
				);
				PRODUCT_BUNDLE_IDENTIFIER = com.chennychenchen.ricky;
				PRODUCT_NAME = "$(TARGET_NAME)";
				SWIFT_OBJC_BRIDGING_HEADER = "";
				SWIFT_VERSION = 5.0;
				TARGETED_DEVICE_FAMILY = "1,2";
			};
			name = Release;
		};
/* End XCBuildConfiguration section */

/* Begin XCConfigurationList section */
		87095A482263BC2B0081A540 /* Build configuration list for PBXProject "RTRS" */ = {
			isa = XCConfigurationList;
			buildConfigurations = (
				87095A5D2263BC2C0081A540 /* Debug */,
				87095A5E2263BC2C0081A540 /* Release */,
			);
			defaultConfigurationIsVisible = 0;
			defaultConfigurationName = Release;
		};
		87095A5F2263BC2C0081A540 /* Build configuration list for PBXNativeTarget "RTRS" */ = {
			isa = XCConfigurationList;
			buildConfigurations = (
				87095A602263BC2C0081A540 /* Debug */,
				87095A612263BC2C0081A540 /* Release */,
			);
			defaultConfigurationIsVisible = 0;
			defaultConfigurationName = Release;
		};
/* End XCConfigurationList section */
	};
	rootObject = 87095A452263BC2B0081A540 /* Project object */;
}
